Microsoft Visual Studio Solution File, Format Version 12.00
# Visual Studio Version 17
VisualStudioVersion = 17.5.2.0
MinimumVisualStudioVersion = 10.0.40219.1
Project("{FAE04EC0-301F-11D3-BF4B-00C04F79EFBC}") = "KuantumKaosOdev", "CSharp\KuantumKaosOdev.csproj", "{AEEFF137-6800-AB75-6176-A81E40789BCD}"
EndProject
Global
	GlobalSection(SolutionConfigurationPlatforms) = preSolution
		Debug|Any CPU = Debug|Any CPU
		Release|Any CPU = Release|Any CPU
	EndGlobalSection
	GlobalSection(ProjectConfigurationPlatforms) = postSolution
		{AEEFF137-6800-AB75-6176-A81E40789BCD}.Debug|Any CPU.ActiveCfg = Debug|Any CPU
		{AEEFF137-6800-AB75-6176-A81E40789BCD}.Debug|Any CPU.Build.0 = Debug|Any CPU
		{AEEFF137-6800-AB75-6176-A81E40789BCD}.Release|Any CPU.ActiveCfg = Release|Any CPU
		{AEEFF137-6800-AB75-6176-A81E40789BCD}.Release|Any CPU.Build.0 = Release|Any CPU
	EndGlobalSection
	GlobalSection(SolutionProperties) = preSolution
		HideSolutionNode = FALSE
	EndGlobalSection
	GlobalSection(ExtensibilityGlobals) = postSolution
		SolutionGuid = {AB0B7207-5A73-4E65-B2EF-057F8E525347}
	EndGlobalSection
EndGlobal
